// !$*UTF8*$!
{
	archiveVersion = 1;
	classes = {
	};
	objectVersion = 52;
	objects = {

/* Begin PBXBuildFile section */
		58224DB726EC448E006FE3E5 /* MySwiftPackageExampleApp.swift in Sources */ = {isa = PBXBuildFile; fileRef = 58224DB626EC448E006FE3E5 /* MySwiftPackageExampleApp.swift */; };
		58224DB926EC448E006FE3E5 /* ContentView.swift in Sources */ = {isa = PBXBuildFile; fileRef = 58224DB826EC448E006FE3E5 /* ContentView.swift */; };
		58224DBB26EC4490006FE3E5 /* Assets.xcassets in Resources */ = {isa = PBXBuildFile; fileRef = 58224DBA26EC4490006FE3E5 /* Assets.xcassets */; };
		58224DBE26EC4490006FE3E5 /* Preview Assets.xcassets in Resources */ = {isa = PBXBuildFile; fileRef = 58224DBD26EC4490006FE3E5 /* Preview Assets.xcassets */; };
		58224DC926EC4490006FE3E5 /* MySwiftPackageExampleTests.swift in Sources */ = {isa = PBXBuildFile; fileRef = 58224DC826EC4490006FE3E5 /* MySwiftPackageExampleTests.swift */; };
		58224DD426EC4490006FE3E5 /* MySwiftPackageExampleUITests.swift in Sources */ = {isa = PBXBuildFile; fileRef = 58224DD326EC4490006FE3E5 /* MySwiftPackageExampleUITests.swift */; };
		58224DE326EC454A006FE3E5 /* MySwiftPackage in Frameworks */ = {isa = PBXBuildFile; productRef = 58224DE226EC454A006FE3E5 /* MySwiftPackage */; };
/* End PBXBuildFile section */

/* Begin PBXContainerItemProxy section */
		58224DC526EC4490006FE3E5 /* PBXContainerItemProxy */ = {
			isa = PBXContainerItemProxy;
			containerPortal = 58224DAB26EC448E006FE3E5 /* Project object */;
			proxyType = 1;
			remoteGlobalIDString = 58224DB226EC448E006FE3E5;
			remoteInfo = MySwiftPackageExample;
		};
		58224DD026EC4490006FE3E5 /* PBXContainerItemProxy */ = {
			isa = PBXContainerItemProxy;
			containerPortal = 58224DAB26EC448E006FE3E5 /* Project object */;
			proxyType = 1;
			remoteGlobalIDString = 58224DB226EC448E006FE3E5;
			remoteInfo = MySwiftPackageExample;
		};
/* End PBXContainerItemProxy section */

/* Begin PBXFileReference section */
		58224DB326EC448E006FE3E5 /* MySwiftPackageExample.app */ = {isa = PBXFileReference; explicitFileType = wrapper.application; includeInIndex = 0; path = MySwiftPackageExample.app; sourceTree = BUILT_PRODUCTS_DIR; };
		58224DB626EC448E006FE3E5 /* MySwiftPackageExampleApp.swift */ = {isa = PBXFileReference; lastKnownFileType = sourcecode.swift; path = MySwiftPackageExampleApp.swift; sourceTree = "<group>"; };
		58224DB826EC448E006FE3E5 /* ContentView.swift */ = {isa = PBXFileReference; lastKnownFileType = sourcecode.swift; path = ContentView.swift; sourceTree = "<group>"; };
		58224DBA26EC4490006FE3E5 /* Assets.xcassets */ = {isa = PBXFileReference; lastKnownFileType = folder.assetcatalog; path = Assets.xcassets; sourceTree = "<group>"; };
		58224DBD26EC4490006FE3E5 /* Preview Assets.xcassets */ = {isa = PBXFileReference; lastKnownFileType = folder.assetcatalog; path = "Preview Assets.xcassets"; sourceTree = "<group>"; };
		58224DBF26EC4490006FE3E5 /* Info.plist */ = {isa = PBXFileReference; lastKnownFileType = text.plist.xml; path = Info.plist; sourceTree = "<group>"; };
		58224DC426EC4490006FE3E5 /* MySwiftPackageExampleTests.xctest */ = {isa = PBXFileReference; explicitFileType = wrapper.cfbundle; includeInIndex = 0; path = MySwiftPackageExampleTests.xctest; sourceTree = BUILT_PRODUCTS_DIR; };
		58224DC826EC4490006FE3E5 /* MySwiftPackageExampleTests.swift */ = {isa = PBXFileReference; lastKnownFileType = sourcecode.swift; path = MySwiftPackageExampleTests.swift; sourceTree = "<group>"; };
		58224DCA26EC4490006FE3E5 /* Info.plist */ = {isa = PBXFileReference; lastKnownFileType = text.plist.xml; path = Info.plist; sourceTree = "<group>"; };
		58224DCF26EC4490006FE3E5 /* MySwiftPackageExampleUITests.xctest */ = {isa = PBXFileReference; explicitFileType = wrapper.cfbundle; includeInIndex = 0; path = MySwiftPackageExampleUITests.xctest; sourceTree = BUILT_PRODUCTS_DIR; };
		58224DD326EC4490006FE3E5 /* MySwiftPackageExampleUITests.swift */ = {isa = PBXFileReference; lastKnownFileType = sourcecode.swift; path = MySwiftPackageExampleUITests.swift; sourceTree = "<group>"; };
		58224DD526EC4490006FE3E5 /* Info.plist */ = {isa = PBXFileReference; lastKnownFileType = text.plist.xml; path = Info.plist; sourceTree = "<group>"; };
/* End PBXFileReference section */

/* Begin PBXFrameworksBuildPhase section */
		58224DB026EC448E006FE3E5 /* Frameworks */ = {
			isa = PBXFrameworksBuildPhase;
			buildActionMask = 2147483647;
			files = (
				58224DE326EC454A006FE3E5 /* MySwiftPackage in Frameworks */,
			);
			runOnlyForDeploymentPostprocessing = 0;
		};
		58224DC126EC4490006FE3E5 /* Frameworks */ = {
			isa = PBXFrameworksBuildPhase;
			buildActionMask = 2147483647;
			files = (
			);
			runOnlyForDeploymentPostprocessing = 0;
		};
		58224DCC26EC4490006FE3E5 /* Frameworks */ = {
			isa = PBXFrameworksBuildPhase;
			buildActionMask = 2147483647;
			files = (
			);
			runOnlyForDeploymentPostprocessing = 0;
		};
/* End PBXFrameworksBuildPhase section */

/* Begin PBXGroup section */
		58224DAA26EC448E006FE3E5 = {
			isa = PBXGroup;
			children = (
				58224DB526EC448E006FE3E5 /* MySwiftPackageExample */,
				58224DC726EC4490006FE3E5 /* MySwiftPackageExampleTests */,
				58224DD226EC4490006FE3E5 /* MySwiftPackageExampleUITests */,
				58224DB426EC448E006FE3E5 /* Products */,
			);
			sourceTree = "<group>";
		};
		58224DB426EC448E006FE3E5 /* Products */ = {
			isa = PBXGroup;
			children = (
				58224DB326EC448E006FE3E5 /* MySwiftPackageExample.app */,
				58224DC426EC4490006FE3E5 /* MySwiftPackageExampleTests.xctest */,
				58224DCF26EC4490006FE3E5 /* MySwiftPackageExampleUITests.xctest */,
			);
			name = Products;
			sourceTree = "<group>";
		};
		58224DB526EC448E006FE3E5 /* MySwiftPackageExample */ = {
			isa = PBXGroup;
			children = (
				58224DB626EC448E006FE3E5 /* MySwiftPackageExampleApp.swift */,
				58224DB826EC448E006FE3E5 /* ContentView.swift */,
				58224DBA26EC4490006FE3E5 /* Assets.xcassets */,
				58224DBF26EC4490006FE3E5 /* Info.plist */,
				58224DBC26EC4490006FE3E5 /* Preview Content */,
			);
			path = MySwiftPackageExample;
			sourceTree = "<group>";
		};
		58224DBC26EC4490006FE3E5 /* Preview Content */ = {
			isa = PBXGroup;
			children = (
				58224DBD26EC4490006FE3E5 /* Preview Assets.xcassets */,
			);
			path = "Preview Content";
			sourceTree = "<group>";
		};
		58224DC726EC4490006FE3E5 /* MySwiftPackageExampleTests */ = {
			isa = PBXGroup;
			children = (
				58224DC826EC4490006FE3E5 /* MySwiftPackageExampleTests.swift */,
				58224DCA26EC4490006FE3E5 /* Info.plist */,
			);
			path = MySwiftPackageExampleTests;
			sourceTree = "<group>";
		};
		58224DD226EC4490006FE3E5 /* MySwiftPackageExampleUITests */ = {
			isa = PBXGroup;
			children = (
				58224DD326EC4490006FE3E5 /* MySwiftPackageExampleUITests.swift */,
				58224DD526EC4490006FE3E5 /* Info.plist */,
			);
			path = MySwiftPackageExampleUITests;
			sourceTree = "<group>";
		};
/* End PBXGroup section */

/* Begin PBXNativeTarget section */
		58224DB226EC448E006FE3E5 /* MySwiftPackageExample */ = {
			isa = PBXNativeTarget;
			buildConfigurationList = 58224DD826EC4490006FE3E5 /* Build configuration list for PBXNativeTarget "MySwiftPackageExample" */;
			buildPhases = (
				58224DAF26EC448E006FE3E5 /* Sources */,
				58224DB026EC448E006FE3E5 /* Frameworks */,
				58224DB126EC448E006FE3E5 /* Resources */,
			);
			buildRules = (
			);
			dependencies = (
			);
			name = MySwiftPackageExample;
			packageProductDependencies = (
				58224DE226EC454A006FE3E5 /* MySwiftPackage */,
			);
			productName = MySwiftPackageExample;
			productReference = 58224DB326EC448E006FE3E5 /* MySwiftPackageExample.app */;
			productType = "com.apple.product-type.application";
		};
		58224DC326EC4490006FE3E5 /* MySwiftPackageExampleTests */ = {
			isa = PBXNativeTarget;
			buildConfigurationList = 58224DDB26EC4490006FE3E5 /* Build configuration list for PBXNativeTarget "MySwiftPackageExampleTests" */;
			buildPhases = (
				58224DC026EC4490006FE3E5 /* Sources */,
				58224DC126EC4490006FE3E5 /* Frameworks */,
				58224DC226EC4490006FE3E5 /* Resources */,
			);
			buildRules = (
			);
			dependencies = (
				58224DC626EC4490006FE3E5 /* PBXTargetDependency */,
			);
			name = MySwiftPackageExampleTests;
			productName = MySwiftPackageExampleTests;
			productReference = 58224DC426EC4490006FE3E5 /* MySwiftPackageExampleTests.xctest */;
			productType = "com.apple.product-type.bundle.unit-test";
		};
		58224DCE26EC4490006FE3E5 /* MySwiftPackageExampleUITests */ = {
			isa = PBXNativeTarget;
			buildConfigurationList = 58224DDE26EC4490006FE3E5 /* Build configuration list for PBXNativeTarget "MySwiftPackageExampleUITests" */;
			buildPhases = (
				58224DCB26EC4490006FE3E5 /* Sources */,
				58224DCC26EC4490006FE3E5 /* Frameworks */,
				58224DCD26EC4490006FE3E5 /* Resources */,
			);
			buildRules = (
			);
			dependencies = (
				58224DD126EC4490006FE3E5 /* PBXTargetDependency */,
			);
			name = MySwiftPackageExampleUITests;
			productName = MySwiftPackageExampleUITests;
			productReference = 58224DCF26EC4490006FE3E5 /* MySwiftPackageExampleUITests.xctest */;
			productType = "com.apple.product-type.bundle.ui-testing";
		};
/* End PBXNativeTarget section */

/* Begin PBXProject section */
		58224DAB26EC448E006FE3E5 /* Project object */ = {
			isa = PBXProject;
			attributes = {
				LastSwiftUpdateCheck = 1250;
				LastUpgradeCheck = 1250;
				TargetAttributes = {
					58224DB226EC448E006FE3E5 = {
						CreatedOnToolsVersion = 12.5.1;
					};
					58224DC326EC4490006FE3E5 = {
						CreatedOnToolsVersion = 12.5.1;
						TestTargetID = 58224DB226EC448E006FE3E5;
					};
					58224DCE26EC4490006FE3E5 = {
						CreatedOnToolsVersion = 12.5.1;
						TestTargetID = 58224DB226EC448E006FE3E5;
					};
				};
			};
			buildConfigurationList = 58224DAE26EC448E006FE3E5 /* Build configuration list for PBXProject "MySwiftPackageExample" */;
			compatibilityVersion = "Xcode 9.3";
			developmentRegion = en;
			hasScannedForEncodings = 0;
			knownRegions = (
				en,
				Base,
			);
			mainGroup = 58224DAA26EC448E006FE3E5;
			packageReferences = (
				58224DE126EC454A006FE3E5 /* XCRemoteSwiftPackageReference "MySwiftPackage" */,
			);
			productRefGroup = 58224DB426EC448E006FE3E5 /* Products */;
			projectDirPath = "";
			projectRoot = "";
			targets = (
				58224DB226EC448E006FE3E5 /* MySwiftPackageExample */,
				58224DC326EC4490006FE3E5 /* MySwiftPackageExampleTests */,
				58224DCE26EC4490006FE3E5 /* MySwiftPackageExampleUITests */,
			);
		};
/* End PBXProject section */

/* Begin PBXResourcesBuildPhase section */
		58224DB126EC448E006FE3E5 /* Resources */ = {
			isa = PBXResourcesBuildPhase;
			buildActionMask = 2147483647;
			files = (
				58224DBE26EC4490006FE3E5 /* Preview Assets.xcassets in Resources */,
				58224DBB26EC4490006FE3E5 /* Assets.xcassets in Resources */,
			);
			runOnlyForDeploymentPostprocessing = 0;
		};
		58224DC226EC4490006FE3E5 /* Resources */ = {
			isa = PBXResourcesBuildPhase;
			buildActionMask = 2147483647;
			files = (
			);
			runOnlyForDeploymentPostprocessing = 0;
		};
		58224DCD26EC4490006FE3E5 /* Resources */ = {
			isa = PBXResourcesBuildPhase;
			buildActionMask = 2147483647;
			files = (
			);
			runOnlyForDeploymentPostprocessing = 0;
		};
/* End PBXResourcesBuildPhase section */

/* Begin PBXSourcesBuildPhase section */
		58224DAF26EC448E006FE3E5 /* Sources */ = {
			isa = PBXSourcesBuildPhase;
			buildActionMask = 2147483647;
			files = (
				58224DB926EC448E006FE3E5 /* ContentView.swift in Sources */,
				58224DB726EC448E006FE3E5 /* MySwiftPackageExampleApp.swift in Sources */,
			);
			runOnlyForDeploymentPostprocessing = 0;
		};
		58224DC026EC4490006FE3E5 /* Sources */ = {
			isa = PBXSourcesBuildPhase;
			buildActionMask = 2147483647;
			files = (
				58224DC926EC4490006FE3E5 /* MySwiftPackageExampleTests.swift in Sources */,
			);
			runOnlyForDeploymentPostprocessing = 0;
		};
		58224DCB26EC4490006FE3E5 /* Sources */ = {
			isa = PBXSourcesBuildPhase;
			buildActionMask = 2147483647;
			files = (
				58224DD426EC4490006FE3E5 /* MySwiftPackageExampleUITests.swift in Sources */,
			);
			runOnlyForDeploymentPostprocessing = 0;
		};
/* End PBXSourcesBuildPhase section */

/* Begin PBXTargetDependency section */
		58224DC626EC4490006FE3E5 /* PBXTargetDependency */ = {
			isa = PBXTargetDependency;
			target = 58224DB226EC448E006FE3E5 /* MySwiftPackageExample */;
			targetProxy = 58224DC526EC4490006FE3E5 /* PBXContainerItemProxy */;
		};
		58224DD126EC4490006FE3E5 /* PBXTargetDependency */ = {
			isa = PBXTargetDependency;
			target = 58224DB226EC448E006FE3E5 /* MySwiftPackageExample */;
			targetProxy = 58224DD026EC4490006FE3E5 /* PBXContainerItemProxy */;
		};
/* End PBXTargetDependency section */

/* Begin XCBuildConfiguration section */
		58224DD626EC4490006FE3E5 /* Debug */ = {
			isa = XCBuildConfiguration;
			buildSettings = {
				ALWAYS_SEARCH_USER_PATHS = NO;
				CLANG_ANALYZER_NONNULL = YES;
				CLANG_ANALYZER_NUMBER_OBJECT_CONVERSION = YES_AGGRESSIVE;
				CLANG_CXX_LANGUAGE_STANDARD = "gnu++14";
				CLANG_CXX_LIBRARY = "libc++";
				CLANG_ENABLE_MODULES = YES;
				CLANG_ENABLE_OBJC_ARC = YES;
				CLANG_ENABLE_OBJC_WEAK = YES;
				CLANG_WARN_BLOCK_CAPTURE_AUTORELEASING = YES;
				CLANG_WARN_BOOL_CONVERSION = YES;
				CLANG_WARN_COMMA = YES;
				CLANG_WARN_CONSTANT_CONVERSION = YES;
				CLANG_WARN_DEPRECATED_OBJC_IMPLEMENTATIONS = YES;
				CLANG_WARN_DIRECT_OBJC_ISA_USAGE = YES_ERROR;
				CLANG_WARN_DOCUMENTATION_COMMENTS = YES;
				CLANG_WARN_EMPTY_BODY = YES;
				CLANG_WARN_ENUM_CONVERSION = YES;
				CLANG_WARN_INFINITE_RECURSION = YES;
				CLANG_WARN_INT_CONVERSION = YES;
				CLANG_WARN_NON_LITERAL_NULL_CONVERSION = YES;
				CLANG_WARN_OBJC_IMPLICIT_RETAIN_SELF = YES;
				CLANG_WARN_OBJC_LITERAL_CONVERSION = YES;
				CLANG_WARN_OBJC_ROOT_CLASS = YES_ERROR;
				CLANG_WARN_QUOTED_INCLUDE_IN_FRAMEWORK_HEADER = YES;
				CLANG_WARN_RANGE_LOOP_ANALYSIS = YES;
				CLANG_WARN_STRICT_PROTOTYPES = YES;
				CLANG_WARN_SUSPICIOUS_MOVE = YES;
				CLANG_WARN_UNGUARDED_AVAILABILITY = YES_AGGRESSIVE;
				CLANG_WARN_UNREACHABLE_CODE = YES;
				CLANG_WARN__DUPLICATE_METHOD_MATCH = YES;
				COPY_PHASE_STRIP = NO;
				DEBUG_INFORMATION_FORMAT = dwarf;
				ENABLE_STRICT_OBJC_MSGSEND = YES;
				ENABLE_TESTABILITY = YES;
				GCC_C_LANGUAGE_STANDARD = gnu11;
				GCC_DYNAMIC_NO_PIC = NO;
				GCC_NO_COMMON_BLOCKS = YES;
				GCC_OPTIMIZATION_LEVEL = 0;
				GCC_PREPROCESSOR_DEFINITIONS = (
					"DEBUG=1",
					"$(inherited)",
				);
				GCC_WARN_64_TO_32_BIT_CONVERSION = YES;
				GCC_WARN_ABOUT_RETURN_TYPE = YES_ERROR;
				GCC_WARN_UNDECLARED_SELECTOR = YES;
				GCC_WARN_UNINITIALIZED_AUTOS = YES_AGGRESSIVE;
				GCC_WARN_UNUSED_FUNCTION = YES;
				GCC_WARN_UNUSED_VARIABLE = YES;
				IPHONEOS_DEPLOYMENT_TARGET = 14.5;
				MTL_ENABLE_DEBUG_INFO = INCLUDE_SOURCE;
				MTL_FAST_MATH = YES;
				ONLY_ACTIVE_ARCH = YES;
				SDKROOT = iphoneos;
				SWIFT_ACTIVE_COMPILATION_CONDITIONS = DEBUG;
				SWIFT_OPTIMIZATION_LEVEL = "-Onone";
			};
			name = Debug;
		};
		58224DD726EC4490006FE3E5 /* Release */ = {
			isa = XCBuildConfiguration;
			buildSettings = {
				ALWAYS_SEARCH_USER_PATHS = NO;
				CLANG_ANALYZER_NONNULL = YES;
				CLANG_ANALYZER_NUMBER_OBJECT_CONVERSION = YES_AGGRESSIVE;
				CLANG_CXX_LANGUAGE_STANDARD = "gnu++14";
				CLANG_CXX_LIBRARY = "libc++";
				CLANG_ENABLE_MODULES = YES;
				CLANG_ENABLE_OBJC_ARC = YES;
				CLANG_ENABLE_OBJC_WEAK = YES;
				CLANG_WARN_BLOCK_CAPTURE_AUTORELEASING = YES;
				CLANG_WARN_BOOL_CONVERSION = YES;
				CLANG_WARN_COMMA = YES;
				CLANG_WARN_CONSTANT_CONVERSION = YES;
				CLANG_WARN_DEPRECATED_OBJC_IMPLEMENTATIONS = YES;
				CLANG_WARN_DIRECT_OBJC_ISA_USAGE = YES_ERROR;
				CLANG_WARN_DOCUMENTATION_COMMENTS = YES;
				CLANG_WARN_EMPTY_BODY = YES;
				CLANG_WARN_ENUM_CONVERSION = YES;
				CLANG_WARN_INFINITE_RECURSION = YES;
				CLANG_WARN_INT_CONVERSION = YES;
				CLANG_WARN_NON_LITERAL_NULL_CONVERSION = YES;
				CLANG_WARN_OBJC_IMPLICIT_RETAIN_SELF = YES;
				CLANG_WARN_OBJC_LITERAL_CONVERSION = YES;
				CLANG_WARN_OBJC_ROOT_CLASS = YES_ERROR;
				CLANG_WARN_QUOTED_INCLUDE_IN_FRAMEWORK_HEADER = YES;
				CLANG_WARN_RANGE_LOOP_ANALYSIS = YES;
				CLANG_WARN_STRICT_PROTOTYPES = YES;
				CLANG_WARN_SUSPICIOUS_MOVE = YES;
				CLANG_WARN_UNGUARDED_AVAILABILITY = YES_AGGRESSIVE;
				CLANG_WARN_UNREACHABLE_CODE = YES;
				CLANG_WARN__DUPLICATE_METHOD_MATCH = YES;
				COPY_PHASE_STRIP = NO;
				DEBUG_INFORMATION_FORMAT = "dwarf-with-dsym";
				ENABLE_NS_ASSERTIONS = NO;
				ENABLE_STRICT_OBJC_MSGSEND = YES;
				GCC_C_LANGUAGE_STANDARD = gnu11;
				GCC_NO_COMMON_BLOCKS = YES;
				GCC_WARN_64_TO_32_BIT_CONVERSION = YES;
				GCC_WARN_ABOUT_RETURN_TYPE = YES_ERROR;
				GCC_WARN_UNDECLARED_SELECTOR = YES;
				GCC_WARN_UNINITIALIZED_AUTOS = YES_AGGRESSIVE;
				GCC_WARN_UNUSED_FUNCTION = YES;
				GCC_WARN_UNUSED_VARIABLE = YES;
				IPHONEOS_DEPLOYMENT_TARGET = 14.5;
				MTL_ENABLE_DEBUG_INFO = NO;
				MTL_FAST_MATH = YES;
				SDKROOT = iphoneos;
				SWIFT_COMPILATION_MODE = wholemodule;
				SWIFT_OPTIMIZATION_LEVEL = "-O";
				VALIDATE_PRODUCT = YES;
			};
			name = Release;
		};
		58224DD926EC4490006FE3E5 /* Debug */ = {
			isa = XCBuildConfiguration;
			buildSettings = {
				ASSETCATALOG_COMPILER_APPICON_NAME = AppIcon;
				ASSETCATALOG_COMPILER_GLOBAL_ACCENT_COLOR_NAME = AccentColor;
				CODE_SIGN_STYLE = Automatic;
				DEVELOPMENT_ASSET_PATHS = "\"MySwiftPackageExample/Preview Content\"";
				DEVELOPMENT_TEAM = H2VFXKQD36;
				ENABLE_PREVIEWS = YES;
				INFOPLIST_FILE = MySwiftPackageExample/Info.plist;
				IPHONEOS_DEPLOYMENT_TARGET = 14.0;
				LD_RUNPATH_SEARCH_PATHS = (
					"$(inherited)",
					"@executable_path/Frameworks",
				);
				PRODUCT_BUNDLE_IDENTIFIER = com.johnolwamba.MySwiftPackageExample;
				PRODUCT_NAME = "$(TARGET_NAME)";
				SWIFT_VERSION = 5.0;
				TARGETED_DEVICE_FAMILY = "1,2";
			};
			name = Debug;
		};
		58224DDA26EC4490006FE3E5 /* Release */ = {
			isa = XCBuildConfiguration;
			buildSettings = {
				ASSETCATALOG_COMPILER_APPICON_NAME = AppIcon;
				ASSETCATALOG_COMPILER_GLOBAL_ACCENT_COLOR_NAME = AccentColor;
				CODE_SIGN_STYLE = Automatic;
				DEVELOPMENT_ASSET_PATHS = "\"MySwiftPackageExample/Preview Content\"";
				DEVELOPMENT_TEAM = H2VFXKQD36;
				ENABLE_PREVIEWS = YES;
				INFOPLIST_FILE = MySwiftPackageExample/Info.plist;
				IPHONEOS_DEPLOYMENT_TARGET = 14.0;
				LD_RUNPATH_SEARCH_PATHS = (
					"$(inherited)",
					"@executable_path/Frameworks",
				);
				PRODUCT_BUNDLE_IDENTIFIER = com.johnolwamba.MySwiftPackageExample;
				PRODUCT_NAME = "$(TARGET_NAME)";
				SWIFT_VERSION = 5.0;
				TARGETED_DEVICE_FAMILY = "1,2";
			};
			name = Release;
		};
		58224DDC26EC4490006FE3E5 /* Debug */ = {
			isa = XCBuildConfiguration;
			buildSettings = {
				ALWAYS_EMBED_SWIFT_STANDARD_LIBRARIES = YES;
				BUNDLE_LOADER = "$(TEST_HOST)";
				CODE_SIGN_STYLE = Automatic;
				DEVELOPMENT_TEAM = H2VFXKQD36;
				INFOPLIST_FILE = MySwiftPackageExampleTests/Info.plist;
				IPHONEOS_DEPLOYMENT_TARGET = 14.0;
				LD_RUNPATH_SEARCH_PATHS = (
					"$(inherited)",
					"@executable_path/Frameworks",
					"@loader_path/Frameworks",
				);
				PRODUCT_BUNDLE_IDENTIFIER = com.johnolwamba.MySwiftPackageExampleTests;
				PRODUCT_NAME = "$(TARGET_NAME)";
				SWIFT_VERSION = 5.0;
				TARGETED_DEVICE_FAMILY = "1,2";
				TEST_HOST = "$(BUILT_PRODUCTS_DIR)/MySwiftPackageExample.app/MySwiftPackageExample";
			};
			name = Debug;
		};
		58224DDD26EC4490006FE3E5 /* Release */ = {
			isa = XCBuildConfiguration;
			buildSettings = {
				ALWAYS_EMBED_SWIFT_STANDARD_LIBRARIES = YES;
				BUNDLE_LOADER = "$(TEST_HOST)";
				CODE_SIGN_STYLE = Automatic;
				DEVELOPMENT_TEAM = H2VFXKQD36;
				INFOPLIST_FILE = MySwiftPackageExampleTests/Info.plist;
				IPHONEOS_DEPLOYMENT_TARGET = 14.0;
				LD_RUNPATH_SEARCH_PATHS = (
					"$(inherited)",
					"@executable_path/Frameworks",
					"@loader_path/Frameworks",
				);
				PRODUCT_BUNDLE_IDENTIFIER = com.johnolwamba.MySwiftPackageExampleTests;
				PRODUCT_NAME = "$(TARGET_NAME)";
				SWIFT_VERSION = 5.0;
				TARGETED_DEVICE_FAMILY = "1,2";
				TEST_HOST = "$(BUILT_PRODUCTS_DIR)/MySwiftPackageExample.app/MySwiftPackageExample";
			};
			name = Release;
		};
		58224DDF26EC4490006FE3E5 /* Debug */ = {
			isa = XCBuildConfiguration;
			buildSettings = {
				ALWAYS_EMBED_SWIFT_STANDARD_LIBRARIES = YES;
				CODE_SIGN_STYLE = Automatic;
				DEVELOPMENT_TEAM = H2VFXKQD36;
				INFOPLIST_FILE = MySwiftPackageExampleUITests/Info.plist;
				LD_RUNPATH_SEARCH_PATHS = (
					"$(inherited)",
					"@executable_path/Frameworks",
					"@loader_path/Frameworks",
				);
				PRODUCT_BUNDLE_IDENTIFIER = com.johnolwamba.MySwiftPackageExampleUITests;
				PRODUCT_NAME = "$(TARGET_NAME)";
				SWIFT_VERSION = 5.0;
				TARGETED_DEVICE_FAMILY = "1,2";
				TEST_TARGET_NAME = MySwiftPackageExample;
			};
			name = Debug;
		};
		58224DE026EC4490006FE3E5 /* Release */ = {
			isa = XCBuildConfiguration;
			buildSettings = {
				ALWAYS_EMBED_SWIFT_STANDARD_LIBRARIES = YES;
				CODE_SIGN_STYLE = Automatic;
				DEVELOPMENT_TEAM = H2VFXKQD36;
				INFOPLIST_FILE = MySwiftPackageExampleUITests/Info.plist;
				LD_RUNPATH_SEARCH_PATHS = (
					"$(inherited)",
					"@executable_path/Frameworks",
					"@loader_path/Frameworks",
				);
				PRODUCT_BUNDLE_IDENTIFIER = com.johnolwamba.MySwiftPackageExampleUITests;
				PRODUCT_NAME = "$(TARGET_NAME)";
				SWIFT_VERSION = 5.0;
				TARGETED_DEVICE_FAMILY = "1,2";
				TEST_TARGET_NAME = MySwiftPackageExample;
			};
			name = Release;
		};
/* End XCBuildConfiguration section */

/* Begin XCConfigurationList section */
		58224DAE26EC448E006FE3E5 /* Build configuration list for PBXProject "MySwiftPackageExample" */ = {
			isa = XCConfigurationList;
			buildConfigurations = (
				58224DD626EC4490006FE3E5 /* Debug */,
				58224DD726EC4490006FE3E5 /* Release */,
			);
			defaultConfigurationIsVisible = 0;
			defaultConfigurationName = Release;
		};
		58224DD826EC4490006FE3E5 /* Build configuration list for PBXNativeTarget "MySwiftPackageExample" */ = {
			isa = XCConfigurationList;
			buildConfigurations = (
				58224DD926EC4490006FE3E5 /* Debug */,
				58224DDA26EC4490006FE3E5 /* Release */,
			);
			defaultConfigurationIsVisible = 0;
			defaultConfigurationName = Release;
		};
		58224DDB26EC4490006FE3E5 /* Build configuration list for PBXNativeTarget "MySwiftPackageExampleTests" */ = {
			isa = XCConfigurationList;
			buildConfigurations = (
				58224DDC26EC4490006FE3E5 /* Debug */,
				58224DDD26EC4490006FE3E5 /* Release */,
			);
			defaultConfigurationIsVisible = 0;
			defaultConfigurationName = Release;
		};
		58224DDE26EC4490006FE3E5 /* Build configuration list for PBXNativeTarget "MySwiftPackageExampleUITests" */ = {
			isa = XCConfigurationList;
			buildConfigurations = (
				58224DDF26EC4490006FE3E5 /* Debug */,
				58224DE026EC4490006FE3E5 /* Release */,
			);
			defaultConfigurationIsVisible = 0;
			defaultConfigurationName = Release;
		};
/* End XCConfigurationList section */

/* Begin XCRemoteSwiftPackageReference section */
		58224DE126EC454A006FE3E5 /* XCRemoteSwiftPackageReference "MySwiftPackage" */ = {
			isa = XCRemoteSwiftPackageReference;
			repositoryURL = "https://github.com/johnolwamba/MySwiftPackage";
			requirement = {
				branch = main;
				kind = branch;
			};
		};
/* End XCRemoteSwiftPackageReference section */

/* Begin XCSwiftPackageProductDependency section */
		58224DE226EC454A006FE3E5 /* MySwiftPackage */ = {
			isa = XCSwiftPackageProductDependency;
			package = 58224DE126EC454A006FE3E5 /* XCRemoteSwiftPackageReference "MySwiftPackage" */;
			productName = MySwiftPackage;
		};
/* End XCSwiftPackageProductDependency section */
	};
	rootObject = 58224DAB26EC448E006FE3E5 /* Project object */;
}
